
Microsoft Visual Studio Solution File, Format Version 12.00
# Visual Studio 15
VisualStudioVersion = 15.0.28307.1209
MinimumVisualStudioVersion = 10.0.40219.1
Project("{159641D6-6404-4A2A-AE62-294DE0FE8301}") = "My_First_ETL", "My_First_ETL.dtproj", "{04616525-AF87-4E5B-919F-EBF8CAFAC764}"
EndProject
Global
	GlobalSection(SolutionConfigurationPlatforms) = preSolution
		Development|Default = Development|Default
	EndGlobalSection
	GlobalSection(ProjectConfigurationPlatforms) = postSolution
		{04616525-AF87-4E5B-919F-EBF8CAFAC764}.Development|Default.ActiveCfg = Development
		{04616525-AF87-4E5B-919F-EBF8CAFAC764}.Development|Default.Build.0 = Development
	EndGlobalSection
	GlobalSection(SolutionProperties) = preSolution
		HideSolutionNode = FALSE
	EndGlobalSection
	GlobalSection(ExtensibilityGlobals) = postSolution
		SolutionGuid = {E310B9A9-2EC2-4B2A-B6A4-BEDC4438DEA7}
	EndGlobalSection
EndGlobal
